Microsoft Visual Studio Solution File, Format Version 12.00
# Visual Studio Version 17
VisualStudioVersion = 17.5.2.0
MinimumVisualStudioVersion = 10.0.40219.1
Project("{2150E333-8FDC-42A3-9474-1A3956D46DE8}") = "desktop", "desktop", "{7A1224A0-F22D-34FF-DE0A-A058FAFFD90C}"
EndProject
Project("{2150E333-8FDC-42A3-9474-1A3956D46DE8}") = "server-manager-csharp", "server-manager-csharp", "{95E35E42-F6F4-69DF-EF08-614671CA63AD}"
EndProject
Project("{FAE04EC0-301F-11D3-BF4B-00C04F79EFBC}") = "U2DIA.ServerManager", "desktop\server-manager-csharp\U2DIA.ServerManager\U2DIA.ServerManager.csproj", "{E7D5BE77-2F95-6CBA-4334-47362FC69C56}"
EndProject
Global
	GlobalSection(SolutionConfigurationPlatforms) = preSolution
		Debug|Any CPU = Debug|Any CPU
		Release|Any CPU = Release|Any CPU
	EndGlobalSection
	GlobalSection(ProjectConfigurationPlatforms) = postSolution
		{E7D5BE77-2F95-6CBA-4334-47362FC69C56}.Debug|Any CPU.ActiveCfg = Debug|Any CPU
		{E7D5BE77-2F95-6CBA-4334-47362FC69C56}.Debug|Any CPU.Build.0 = Debug|Any CPU
		{E7D5BE77-2F95-6CBA-4334-47362FC69C56}.Release|Any CPU.ActiveCfg = Release|Any CPU
		{E7D5BE77-2F95-6CBA-4334-47362FC69C56}.Release|Any CPU.Build.0 = Release|Any CPU
	EndGlobalSection
	GlobalSection(SolutionProperties) = preSolution
		HideSolutionNode = FALSE
	EndGlobalSection
	GlobalSection(NestedProjects) = preSolution
		{95E35E42-F6F4-69DF-EF08-614671CA63AD} = {7A1224A0-F22D-34FF-DE0A-A058FAFFD90C}
		{E7D5BE77-2F95-6CBA-4334-47362FC69C56} = {95E35E42-F6F4-69DF-EF08-614671CA63AD}
	EndGlobalSection
	GlobalSection(ExtensibilityGlobals) = postSolution
		SolutionGuid = {FABBEB67-D4F9-43CC-A373-532592F425A6}
	EndGlobalSection
EndGlobal
